
Microsoft Visual Studio Solution File, Format Version 12.00
# Visual Studio 15
VisualStudioVersion = 15.0.27703.2026
MinimumVisualStudioVersion = 10.0.40219.1
Project("{8BC9CEB8-8B4A-11D0-8D11-00A0C91BC942}") = "Circle Recognition", "Circle Recognition\Circle Recognition.vcxproj", "{F66D6FED-E961-44AE-80BC-29635BE56E2A}"
EndProject
Global
	GlobalSection(SolutionConfigurationPlatforms) = preSolution
		Debug|x64 = Debug|x64
		Debug|x86 = Debug|x86
		Release|x64 = Release|x64
		Release|x86 = Release|x86
	EndGlobalSection
	GlobalSection(ProjectConfigurationPlatforms) = postSolution
		{F66D6FED-E961-44AE-80BC-29635BE56E2A}.Debug|x64.ActiveCfg = Debug|x64
		{F66D6FED-E961-44AE-80BC-29635BE56E2A}.Debug|x64.Build.0 = Debug|x64
		{F66D6FED-E961-44AE-80BC-29635BE56E2A}.Debug|x86.ActiveCfg = Debug|Win32
		{F66D6FED-E961-44AE-80BC-29635BE56E2A}.Debug|x86.Build.0 = Debug|Win32
		{F66D6FED-E961-44AE-80BC-29635BE56E2A}.Release|x64.ActiveCfg = Release|x64
		{F66D6FED-E961-44AE-80BC-29635BE56E2A}.Release|x64.Build.0 = Release|x64
		{F66D6FED-E961-44AE-80BC-29635BE56E2A}.Release|x86.ActiveCfg = Release|Win32
		{F66D6FED-E961-44AE-80BC-29635BE56E2A}.Release|x86.Build.0 = Release|Win32
	EndGlobalSection
	GlobalSection(SolutionProperties) = preSolution
		HideSolutionNode = FALSE
	EndGlobalSection
	GlobalSection(ExtensibilityGlobals) = postSolution
		SolutionGuid = {43EA130F-39BD-431E-910E-0EA2A528BFE1}
	EndGlobalSection
EndGlobal
